
Microsoft Visual Studio Solution File, Format Version 12.00
# Visual Studio 15
VisualStudioVersion = 15.0.28307.102
MinimumVisualStudioVersion = 10.0.40219.1
Project("{FAE04EC0-301F-11D3-BF4B-00C04F79EFBC}") = "DeTai", "DeTai\DeTai.csproj", "{2AC542CB-4ABD-48FB-B6E1-209950E71F21}"
EndProject
Global
	GlobalSection(SolutionConfigurationPlatforms) = preSolution
		Debug|Any CPU = Debug|Any CPU
		Release|Any CPU = Release|Any CPU
	EndGlobalSection
	GlobalSection(ProjectConfigurationPlatforms) = postSolution
		{2AC542CB-4ABD-48FB-B6E1-209950E71F21}.Debug|Any CPU.ActiveCfg = Debug|Any CPU
		{2AC542CB-4ABD-48FB-B6E1-209950E71F21}.Debug|Any CPU.Build.0 = Debug|Any CPU
		{2AC542CB-4ABD-48FB-B6E1-209950E71F21}.Release|Any CPU.ActiveCfg = Release|Any CPU
		{2AC542CB-4ABD-48FB-B6E1-209950E71F21}.Release|Any CPU.Build.0 = Release|Any CPU
	EndGlobalSection
	GlobalSection(SolutionProperties) = preSolution
		HideSolutionNode = FALSE
	EndGlobalSection
	GlobalSection(ExtensibilityGlobals) = postSolution
		SolutionGuid = {59FB887F-BE64-47C9-ADC2-8ED63FC649F9}
	EndGlobalSection
EndGlobal
